
Microsoft Visual Studio Solution File, Format Version 9.00
# Visual C# Express 2005
Project("{FAE04EC0-301F-11D3-BF4B-00C04F79EFBC}") = "TestAbsPath", "TestAbsPath.csproj", "{35393E2C-6ABF-411F-BB27-38CF1A27351E}"
EndProject
Project("{FAE04EC0-301F-11D3-BF4B-00C04F79EFBC}") = "ExtTools", "..\..\ExtTools\ExtTools.csproj", "{E61B6CF2-A434-46F2-AF4A-DB5E4851D170}"
EndProject
Global
	GlobalSection(SolutionConfigurationPlatforms) = preSolution
		Debug|Any CPU = Debug|Any CPU
		Release|Any CPU = Release|Any CPU
	EndGlobalSection
	GlobalSection(ProjectConfigurationPlatforms) = postSolution
		{35393E2C-6ABF-411F-BB27-38CF1A27351E}.Debug|Any CPU.ActiveCfg = Debug|Any CPU
		{35393E2C-6ABF-411F-BB27-38CF1A27351E}.Debug|Any CPU.Build.0 = Debug|Any CPU
		{35393E2C-6ABF-411F-BB27-38CF1A27351E}.Release|Any CPU.ActiveCfg = Release|Any CPU
		{35393E2C-6ABF-411F-BB27-38CF1A27351E}.Release|Any CPU.Build.0 = Release|Any CPU
		{E61B6CF2-A434-46F2-AF4A-DB5E4851D170}.Debug|Any CPU.ActiveCfg = Debug|Any CPU
		{E61B6CF2-A434-46F2-AF4A-DB5E4851D170}.Debug|Any CPU.Build.0 = Debug|Any CPU
		{E61B6CF2-A434-46F2-AF4A-DB5E4851D170}.Release|Any CPU.ActiveCfg = Release|Any CPU
		{E61B6CF2-A434-46F2-AF4A-DB5E4851D170}.Release|Any CPU.Build.0 = Release|Any CPU
	EndGlobalSection
	GlobalSection(SolutionProperties) = preSolution
		HideSolutionNode = FALSE
	EndGlobalSection
EndGlobal
