
Microsoft Visual Studio Solution File, Format Version 12.00
# Visual Studio Version 17
VisualStudioVersion = 17.8.34330.188
MinimumVisualStudioVersion = 10.0.40219.1
Project("{9A19103F-16F7-4668-BE54-9A1E7A4F7556}") = "WinFormsDemo.Net", "WinFormsDemo.Net.csproj", "{98BA891F-0DE4-44C9-99FC-31B946CF6E09}"
EndProject
Project("{9A19103F-16F7-4668-BE54-9A1E7A4F7556}") = "ExtTools.Net", "..\..\ExtTools\ExtTools.Net.csproj", "{EC0C5C1E-A953-4017-B6CC-1FB61E4B9145}"
EndProject
Project("{9A19103F-16F7-4668-BE54-9A1E7A4F7556}") = "ExtForms.Net", "..\..\ExtForms\ExtForms.Net.csproj", "{6D6075D4-1CAC-44CA-9568-E7876D7DB72A}"
EndProject
Global
	GlobalSection(SolutionConfigurationPlatforms) = preSolution
		Debug|Any CPU = Debug|Any CPU
		Release|Any CPU = Release|Any CPU
	EndGlobalSection
	GlobalSection(ProjectConfigurationPlatforms) = postSolution
		{98BA891F-0DE4-44C9-99FC-31B946CF6E09}.Debug|Any CPU.ActiveCfg = Debug|Any CPU
		{98BA891F-0DE4-44C9-99FC-31B946CF6E09}.Debug|Any CPU.Build.0 = Debug|Any CPU
		{98BA891F-0DE4-44C9-99FC-31B946CF6E09}.Release|Any CPU.ActiveCfg = Release|Any CPU
		{98BA891F-0DE4-44C9-99FC-31B946CF6E09}.Release|Any CPU.Build.0 = Release|Any CPU
		{EC0C5C1E-A953-4017-B6CC-1FB61E4B9145}.Debug|Any CPU.ActiveCfg = Debug|Any CPU
		{EC0C5C1E-A953-4017-B6CC-1FB61E4B9145}.Debug|Any CPU.Build.0 = Debug|Any CPU
		{EC0C5C1E-A953-4017-B6CC-1FB61E4B9145}.Release|Any CPU.ActiveCfg = Release|Any CPU
		{EC0C5C1E-A953-4017-B6CC-1FB61E4B9145}.Release|Any CPU.Build.0 = Release|Any CPU
		{6D6075D4-1CAC-44CA-9568-E7876D7DB72A}.Debug|Any CPU.ActiveCfg = Debug|Any CPU
		{6D6075D4-1CAC-44CA-9568-E7876D7DB72A}.Debug|Any CPU.Build.0 = Debug|Any CPU
		{6D6075D4-1CAC-44CA-9568-E7876D7DB72A}.Release|Any CPU.ActiveCfg = Release|Any CPU
		{6D6075D4-1CAC-44CA-9568-E7876D7DB72A}.Release|Any CPU.Build.0 = Release|Any CPU
	EndGlobalSection
	GlobalSection(SolutionProperties) = preSolution
		HideSolutionNode = FALSE
	EndGlobalSection
	GlobalSection(ExtensibilityGlobals) = postSolution
		SolutionGuid = {C2A710D3-80A4-4C97-8E28-4DDB40C14D41}
	EndGlobalSection
EndGlobal
