
Microsoft Visual Studio Solution File, Format Version 12.00
# Visual Studio Version 17
VisualStudioVersion = 17.8.34330.188
MinimumVisualStudioVersion = 10.0.40219.1
Project("{9A19103F-16F7-4668-BE54-9A1E7A4F7556}") = "EFPCommandItemsDemo.Net", "EFPCommandItemsDemo.Net.csproj", "{87554192-1F74-426B-AF86-9FCAE18572B0}"
EndProject
Project("{9A19103F-16F7-4668-BE54-9A1E7A4F7556}") = "ExtTools.Net", "..\..\ExtTools\ExtTools.Net.csproj", "{27995A55-645C-4422-88BA-7009D7FD4833}"
EndProject
Project("{9A19103F-16F7-4668-BE54-9A1E7A4F7556}") = "ExtForms.Net", "..\..\ExtForms\ExtForms.Net.csproj", "{86870ED8-025E-402A-9064-134B696D53B5}"
EndProject
Global
	GlobalSection(SolutionConfigurationPlatforms) = preSolution
		Debug|Any CPU = Debug|Any CPU
		Release|Any CPU = Release|Any CPU
	EndGlobalSection
	GlobalSection(ProjectConfigurationPlatforms) = postSolution
		{87554192-1F74-426B-AF86-9FCAE18572B0}.Debug|Any CPU.ActiveCfg = Debug|Any CPU
		{87554192-1F74-426B-AF86-9FCAE18572B0}.Debug|Any CPU.Build.0 = Debug|Any CPU
		{87554192-1F74-426B-AF86-9FCAE18572B0}.Release|Any CPU.ActiveCfg = Release|Any CPU
		{87554192-1F74-426B-AF86-9FCAE18572B0}.Release|Any CPU.Build.0 = Release|Any CPU
		{27995A55-645C-4422-88BA-7009D7FD4833}.Debug|Any CPU.ActiveCfg = Debug|Any CPU
		{27995A55-645C-4422-88BA-7009D7FD4833}.Debug|Any CPU.Build.0 = Debug|Any CPU
		{27995A55-645C-4422-88BA-7009D7FD4833}.Release|Any CPU.ActiveCfg = Release|Any CPU
		{27995A55-645C-4422-88BA-7009D7FD4833}.Release|Any CPU.Build.0 = Release|Any CPU
		{86870ED8-025E-402A-9064-134B696D53B5}.Debug|Any CPU.ActiveCfg = Debug|Any CPU
		{86870ED8-025E-402A-9064-134B696D53B5}.Debug|Any CPU.Build.0 = Debug|Any CPU
		{86870ED8-025E-402A-9064-134B696D53B5}.Release|Any CPU.ActiveCfg = Release|Any CPU
		{86870ED8-025E-402A-9064-134B696D53B5}.Release|Any CPU.Build.0 = Release|Any CPU
	EndGlobalSection
	GlobalSection(SolutionProperties) = preSolution
		HideSolutionNode = FALSE
	EndGlobalSection
	GlobalSection(ExtensibilityGlobals) = postSolution
		SolutionGuid = {6161AB43-B643-4AC1-93FF-EAC8DBCDD103}
	EndGlobalSection
EndGlobal
