
Microsoft Visual Studio Solution File, Format Version 12.00
# Visual Studio Express 2012 for Windows Desktop
Project("{FAE04EC0-301F-11D3-BF4B-00C04F79EFBC}") = "TestTreeViews", "TestTreeViews.csproj", "{8607E463-6FA1-4B30-81DA-8A55520B481D}"
EndProject
Project("{FAE04EC0-301F-11D3-BF4B-00C04F79EFBC}") = "ExtTools", "..\..\ExtTools\ExtTools.csproj", "{E61B6CF2-A434-46F2-AF4A-DB5E4851D170}"
EndProject
Project("{FAE04EC0-301F-11D3-BF4B-00C04F79EFBC}") = "ExtForms", "..\..\ExtForms\ExtForms.csproj", "{DBD17DB7-A65F-4659-9604-B2ACB1BA35A2}"
EndProject
Global
	GlobalSection(SolutionConfigurationPlatforms) = preSolution
		Debug|Any CPU = Debug|Any CPU
		Release|Any CPU = Release|Any CPU
	EndGlobalSection
	GlobalSection(ProjectConfigurationPlatforms) = postSolution
		{8607E463-6FA1-4B30-81DA-8A55520B481D}.Debug|Any CPU.ActiveCfg = Debug|Any CPU
		{8607E463-6FA1-4B30-81DA-8A55520B481D}.Debug|Any CPU.Build.0 = Debug|Any CPU
		{8607E463-6FA1-4B30-81DA-8A55520B481D}.Release|Any CPU.ActiveCfg = Release|Any CPU
		{8607E463-6FA1-4B30-81DA-8A55520B481D}.Release|Any CPU.Build.0 = Release|Any CPU
		{E61B6CF2-A434-46F2-AF4A-DB5E4851D170}.Debug|Any CPU.ActiveCfg = Debug|Any CPU
		{E61B6CF2-A434-46F2-AF4A-DB5E4851D170}.Debug|Any CPU.Build.0 = Debug|Any CPU
		{E61B6CF2-A434-46F2-AF4A-DB5E4851D170}.Release|Any CPU.ActiveCfg = Release|Any CPU
		{E61B6CF2-A434-46F2-AF4A-DB5E4851D170}.Release|Any CPU.Build.0 = Release|Any CPU
		{DBD17DB7-A65F-4659-9604-B2ACB1BA35A2}.Debug|Any CPU.ActiveCfg = Debug|Any CPU
		{DBD17DB7-A65F-4659-9604-B2ACB1BA35A2}.Debug|Any CPU.Build.0 = Debug|Any CPU
		{DBD17DB7-A65F-4659-9604-B2ACB1BA35A2}.Release|Any CPU.ActiveCfg = Release|Any CPU
		{DBD17DB7-A65F-4659-9604-B2ACB1BA35A2}.Release|Any CPU.Build.0 = Release|Any CPU
	EndGlobalSection
	GlobalSection(SolutionProperties) = preSolution
		HideSolutionNode = FALSE
	EndGlobalSection
EndGlobal
